
Microsoft Visual Studio Solution File, Format Version 12.00
# Visual Studio Version 17
VisualStudioVersion = 17.9.34902.65
MinimumVisualStudioVersion = 10.0.40219.1
Project("{FAE04EC0-301F-11D3-BF4B-00C04F79EFBC}") = "BlazorWithStateManagementSample", "BlazorWithStateManagementSample\BlazorWithStateManagementSample\BlazorWithStateManagementSample.csproj", "{A28B219F-5357-4FAE-B0FD-8B6CC374286D}"
EndProject
Project("{FAE04EC0-301F-11D3-BF4B-00C04F79EFBC}") = "BlazorWithStateManagementSample.Client", "BlazorWithStateManagementSample\BlazorWithStateManagementSample.Client\BlazorWithStateManagementSample.Client.csproj", "{34E20DB2-453F-4DA2-B041-84D2EC3E860B}"
EndProject
Global
	GlobalSection(SolutionConfigurationPlatforms) = preSolution
		Debug|Any CPU = Debug|Any CPU
		Release|Any CPU = Release|Any CPU
	EndGlobalSection
	GlobalSection(ProjectConfigurationPlatforms) = postSolution
		{A28B219F-5357-4FAE-B0FD-8B6CC374286D}.Debug|Any CPU.ActiveCfg = Debug|Any CPU
		{A28B219F-5357-4FAE-B0FD-8B6CC374286D}.Debug|Any CPU.Build.0 = Debug|Any CPU
		{A28B219F-5357-4FAE-B0FD-8B6CC374286D}.Release|Any CPU.ActiveCfg = Release|Any CPU
		{A28B219F-5357-4FAE-B0FD-8B6CC374286D}.Release|Any CPU.Build.0 = Release|Any CPU
		{34E20DB2-453F-4DA2-B041-84D2EC3E860B}.Debug|Any CPU.ActiveCfg = Debug|Any CPU
		{34E20DB2-453F-4DA2-B041-84D2EC3E860B}.Debug|Any CPU.Build.0 = Debug|Any CPU
		{34E20DB2-453F-4DA2-B041-84D2EC3E860B}.Release|Any CPU.ActiveCfg = Release|Any CPU
		{34E20DB2-453F-4DA2-B041-84D2EC3E860B}.Release|Any CPU.Build.0 = Release|Any CPU
	EndGlobalSection
	GlobalSection(SolutionProperties) = preSolution
		HideSolutionNode = FALSE
	EndGlobalSection
	GlobalSection(ExtensibilityGlobals) = postSolution
		SolutionGuid = {5075BBE3-4DC7-4054-86EF-F5C25EECFA6F}
	EndGlobalSection
EndGlobal
